
Microsoft Visual Studio Solution File, Format Version 12.00
# Visual Studio Version 17
VisualStudioVersion = 17.0.31903.59
MinimumVisualStudioVersion = 10.0.40219.1
Project("{FAE04EC0-301F-11D3-BF4B-00C04F79EFBC}") = "Easter_Races", "Easter_Races\Easter_Races.csproj", "{EA4D75F0-0A98-4BFD-9E57-F543BBD1F460}"
EndProject
Project("{FAE04EC0-301F-11D3-BF4B-00C04F79EFBC}") = "EasterTests", "EasterTests\EasterTests.csproj", "{DDBFFF8A-EE7E-450E-990D-27474010D4DA}"
EndProject
Global
	GlobalSection(SolutionConfigurationPlatforms) = preSolution
		Debug|Any CPU = Debug|Any CPU
		Release|Any CPU = Release|Any CPU
	EndGlobalSection
	GlobalSection(SolutionProperties) = preSolution
		HideSolutionNode = FALSE
	EndGlobalSection
	GlobalSection(ProjectConfigurationPlatforms) = postSolution
		{EA4D75F0-0A98-4BFD-9E57-F543BBD1F460}.Debug|Any CPU.ActiveCfg = Debug|Any CPU
		{EA4D75F0-0A98-4BFD-9E57-F543BBD1F460}.Debug|Any CPU.Build.0 = Debug|Any CPU
		{EA4D75F0-0A98-4BFD-9E57-F543BBD1F460}.Release|Any CPU.ActiveCfg = Release|Any CPU
		{EA4D75F0-0A98-4BFD-9E57-F543BBD1F460}.Release|Any CPU.Build.0 = Release|Any CPU
		{DDBFFF8A-EE7E-450E-990D-27474010D4DA}.Debug|Any CPU.ActiveCfg = Debug|Any CPU
		{DDBFFF8A-EE7E-450E-990D-27474010D4DA}.Debug|Any CPU.Build.0 = Debug|Any CPU
		{DDBFFF8A-EE7E-450E-990D-27474010D4DA}.Release|Any CPU.ActiveCfg = Release|Any CPU
		{DDBFFF8A-EE7E-450E-990D-27474010D4DA}.Release|Any CPU.Build.0 = Release|Any CPU
	EndGlobalSection
EndGlobal
