
Microsoft Visual Studio Solution File, Format Version 12.00
# Visual Studio Version 17
VisualStudioVersion = 17.5.002.0
MinimumVisualStudioVersion = 10.0.40219.1
Project("{FAE04EC0-301F-11D3-BF4B-00C04F79EFBC}") = "Demo", "Demo\Demo.csproj", "{A6AEAA7D-1C12-4B1F-8D80-A2DD709727B4}"
EndProject
Project("{FAE04EC0-301F-11D3-BF4B-00C04F79EFBC}") = "D01P01", "D01P01\D01P01.csproj", "{1D736BF4-26E2-4BEF-8544-6D0A02C270B7}"
EndProject
Project("{FAE04EC0-301F-11D3-BF4B-00C04F79EFBC}") = "D02P01", "D02P01\D02P01.csproj", "{9107D6F2-16D6-415E-9875-488DB199BF37}"
EndProject
Project("{FAE04EC0-301F-11D3-BF4B-00C04F79EFBC}") = "D01P02", "D01P02\D01P02.csproj", "{D5B6750C-33A4-45A7-A9F1-20CD8EC54D8E}"
EndProject
Project("{FAE04EC0-301F-11D3-BF4B-00C04F79EFBC}") = "D01P03", "D01P03\D01P03.csproj", "{0F343689-0772-4654-921B-5EC39718993B}"
EndProject
Project("{FAE04EC0-301F-11D3-BF4B-00C04F79EFBC}") = "D01P04", "D01P04\D01P04.csproj", "{E6F11CF8-42EC-40AD-91EE-A44309289159}"
EndProject
Project("{FAE04EC0-301F-11D3-BF4B-00C04F79EFBC}") = "D02P02", "D02P02\D02P02.csproj", "{544C95FE-AF32-4D4F-A322-560A3E8A7213}"
EndProject
Project("{FAE04EC0-301F-11D3-BF4B-00C04F79EFBC}") = "D02P03", "D02P03\D02P03.csproj", "{490761DC-8312-46BB-B73B-D4DB725FEFFF}"
EndProject
Project("{FAE04EC0-301F-11D3-BF4B-00C04F79EFBC}") = "D02P04", "D02P04\D02P04.csproj", "{D7C4DB5B-E29C-45B7-9217-979AA297CAAF}"
EndProject
Project("{FAE04EC0-301F-11D3-BF4B-00C04F79EFBC}") = "D02P05", "D02P05\D02P05.csproj", "{F982F885-F802-40CD-AEBF-AB587C40C21F}"
EndProject
Project("{FAE04EC0-301F-11D3-BF4B-00C04F79EFBC}") = "D03P02", "D03P02\D03P02.csproj", "{C98CD931-0AFC-4CA6-B728-CB5B94033298}"
EndProject
Project("{FAE04EC0-301F-11D3-BF4B-00C04F79EFBC}") = "D03P01", "D03P01\D03P01.csproj", "{EBB4922C-ECCD-4C9E-9AF1-728A703B6DBF}"
EndProject
Global
	GlobalSection(SolutionConfigurationPlatforms) = preSolution
		Debug|Any CPU = Debug|Any CPU
		Release|Any CPU = Release|Any CPU
	EndGlobalSection
	GlobalSection(ProjectConfigurationPlatforms) = postSolution
		{A6AEAA7D-1C12-4B1F-8D80-A2DD709727B4}.Debug|Any CPU.ActiveCfg = Debug|Any CPU
		{A6AEAA7D-1C12-4B1F-8D80-A2DD709727B4}.Debug|Any CPU.Build.0 = Debug|Any CPU
		{A6AEAA7D-1C12-4B1F-8D80-A2DD709727B4}.Release|Any CPU.ActiveCfg = Release|Any CPU
		{A6AEAA7D-1C12-4B1F-8D80-A2DD709727B4}.Release|Any CPU.Build.0 = Release|Any CPU
		{1D736BF4-26E2-4BEF-8544-6D0A02C270B7}.Debug|Any CPU.ActiveCfg = Debug|Any CPU
		{1D736BF4-26E2-4BEF-8544-6D0A02C270B7}.Debug|Any CPU.Build.0 = Debug|Any CPU
		{1D736BF4-26E2-4BEF-8544-6D0A02C270B7}.Release|Any CPU.ActiveCfg = Release|Any CPU
		{1D736BF4-26E2-4BEF-8544-6D0A02C270B7}.Release|Any CPU.Build.0 = Release|Any CPU
		{9107D6F2-16D6-415E-9875-488DB199BF37}.Debug|Any CPU.ActiveCfg = Debug|Any CPU
		{9107D6F2-16D6-415E-9875-488DB199BF37}.Debug|Any CPU.Build.0 = Debug|Any CPU
		{9107D6F2-16D6-415E-9875-488DB199BF37}.Release|Any CPU.ActiveCfg = Release|Any CPU
		{9107D6F2-16D6-415E-9875-488DB199BF37}.Release|Any CPU.Build.0 = Release|Any CPU
		{D5B6750C-33A4-45A7-A9F1-20CD8EC54D8E}.Debug|Any CPU.ActiveCfg = Debug|Any CPU
		{D5B6750C-33A4-45A7-A9F1-20CD8EC54D8E}.Debug|Any CPU.Build.0 = Debug|Any CPU
		{D5B6750C-33A4-45A7-A9F1-20CD8EC54D8E}.Release|Any CPU.ActiveCfg = Release|Any CPU
		{D5B6750C-33A4-45A7-A9F1-20CD8EC54D8E}.Release|Any CPU.Build.0 = Release|Any CPU
		{0F343689-0772-4654-921B-5EC39718993B}.Debug|Any CPU.ActiveCfg = Debug|Any CPU
		{0F343689-0772-4654-921B-5EC39718993B}.Debug|Any CPU.Build.0 = Debug|Any CPU
		{0F343689-0772-4654-921B-5EC39718993B}.Release|Any CPU.ActiveCfg = Release|Any CPU
		{0F343689-0772-4654-921B-5EC39718993B}.Release|Any CPU.Build.0 = Release|Any CPU
		{E6F11CF8-42EC-40AD-91EE-A44309289159}.Debug|Any CPU.ActiveCfg = Debug|Any CPU
		{E6F11CF8-42EC-40AD-91EE-A44309289159}.Debug|Any CPU.Build.0 = Debug|Any CPU
		{E6F11CF8-42EC-40AD-91EE-A44309289159}.Release|Any CPU.ActiveCfg = Release|Any CPU
		{E6F11CF8-42EC-40AD-91EE-A44309289159}.Release|Any CPU.Build.0 = Release|Any CPU
		{544C95FE-AF32-4D4F-A322-560A3E8A7213}.Debug|Any CPU.ActiveCfg = Debug|Any CPU
		{544C95FE-AF32-4D4F-A322-560A3E8A7213}.Debug|Any CPU.Build.0 = Debug|Any CPU
		{544C95FE-AF32-4D4F-A322-560A3E8A7213}.Release|Any CPU.ActiveCfg = Release|Any CPU
		{544C95FE-AF32-4D4F-A322-560A3E8A7213}.Release|Any CPU.Build.0 = Release|Any CPU
		{490761DC-8312-46BB-B73B-D4DB725FEFFF}.Debug|Any CPU.ActiveCfg = Debug|Any CPU
		{490761DC-8312-46BB-B73B-D4DB725FEFFF}.Debug|Any CPU.Build.0 = Debug|Any CPU
		{490761DC-8312-46BB-B73B-D4DB725FEFFF}.Release|Any CPU.ActiveCfg = Release|Any CPU
		{490761DC-8312-46BB-B73B-D4DB725FEFFF}.Release|Any CPU.Build.0 = Release|Any CPU
		{D7C4DB5B-E29C-45B7-9217-979AA297CAAF}.Debug|Any CPU.ActiveCfg = Debug|Any CPU
		{D7C4DB5B-E29C-45B7-9217-979AA297CAAF}.Debug|Any CPU.Build.0 = Debug|Any CPU
		{D7C4DB5B-E29C-45B7-9217-979AA297CAAF}.Release|Any CPU.ActiveCfg = Release|Any CPU
		{D7C4DB5B-E29C-45B7-9217-979AA297CAAF}.Release|Any CPU.Build.0 = Release|Any CPU
		{F982F885-F802-40CD-AEBF-AB587C40C21F}.Debug|Any CPU.ActiveCfg = Debug|Any CPU
		{F982F885-F802-40CD-AEBF-AB587C40C21F}.Debug|Any CPU.Build.0 = Debug|Any CPU
		{F982F885-F802-40CD-AEBF-AB587C40C21F}.Release|Any CPU.ActiveCfg = Release|Any CPU
		{F982F885-F802-40CD-AEBF-AB587C40C21F}.Release|Any CPU.Build.0 = Release|Any CPU
		{C98CD931-0AFC-4CA6-B728-CB5B94033298}.Debug|Any CPU.ActiveCfg = Debug|Any CPU
		{C98CD931-0AFC-4CA6-B728-CB5B94033298}.Debug|Any CPU.Build.0 = Debug|Any CPU
		{C98CD931-0AFC-4CA6-B728-CB5B94033298}.Release|Any CPU.ActiveCfg = Release|Any CPU
		{C98CD931-0AFC-4CA6-B728-CB5B94033298}.Release|Any CPU.Build.0 = Release|Any CPU
		{EBB4922C-ECCD-4C9E-9AF1-728A703B6DBF}.Debug|Any CPU.ActiveCfg = Debug|Any CPU
		{EBB4922C-ECCD-4C9E-9AF1-728A703B6DBF}.Debug|Any CPU.Build.0 = Debug|Any CPU
		{EBB4922C-ECCD-4C9E-9AF1-728A703B6DBF}.Release|Any CPU.ActiveCfg = Release|Any CPU
		{EBB4922C-ECCD-4C9E-9AF1-728A703B6DBF}.Release|Any CPU.Build.0 = Release|Any CPU
	EndGlobalSection
	GlobalSection(SolutionProperties) = preSolution
		HideSolutionNode = FALSE
	EndGlobalSection
	GlobalSection(ExtensibilityGlobals) = postSolution
		SolutionGuid = {31958C0A-2E1B-40A5-98C9-7778F0787A15}
	EndGlobalSection
EndGlobal
