
Microsoft Visual Studio Solution File, Format Version 12.00
# Visual Studio Version 17
VisualStudioVersion = 17.0.31903.59
MinimumVisualStudioVersion = 10.0.40219.1
Project("{FAE04EC0-301F-11D3-BF4B-00C04F79EFBC}") = "ExamPrep", "ExamPrep\ExamPrep.csproj", "{662CB0E4-0830-48EE-97DE-1B484F4ED492}"
EndProject
Project("{FAE04EC0-301F-11D3-BF4B-00C04F79EFBC}") = "ConsoleApp1", "ConsoleApp1\ConsoleApp1.csproj", "{5928DFD5-3503-4E6A-8383-6F782EB9685E}"
EndProject
Global
	GlobalSection(SolutionConfigurationPlatforms) = preSolution
		Debug|Any CPU = Debug|Any CPU
		Release|Any CPU = Release|Any CPU
	EndGlobalSection
	GlobalSection(SolutionProperties) = preSolution
		HideSolutionNode = FALSE
	EndGlobalSection
	GlobalSection(ProjectConfigurationPlatforms) = postSolution
		{662CB0E4-0830-48EE-97DE-1B484F4ED492}.Debug|Any CPU.ActiveCfg = Debug|Any CPU
		{662CB0E4-0830-48EE-97DE-1B484F4ED492}.Debug|Any CPU.Build.0 = Debug|Any CPU
		{662CB0E4-0830-48EE-97DE-1B484F4ED492}.Release|Any CPU.ActiveCfg = Release|Any CPU
		{662CB0E4-0830-48EE-97DE-1B484F4ED492}.Release|Any CPU.Build.0 = Release|Any CPU
		{5928DFD5-3503-4E6A-8383-6F782EB9685E}.Debug|Any CPU.ActiveCfg = Debug|Any CPU
		{5928DFD5-3503-4E6A-8383-6F782EB9685E}.Debug|Any CPU.Build.0 = Debug|Any CPU
		{5928DFD5-3503-4E6A-8383-6F782EB9685E}.Release|Any CPU.ActiveCfg = Release|Any CPU
		{5928DFD5-3503-4E6A-8383-6F782EB9685E}.Release|Any CPU.Build.0 = Release|Any CPU
	EndGlobalSection
EndGlobal
